
Microsoft Visual Studio Solution File, Format Version 12.00
# Visual Studio Version 17
VisualStudioVersion = 17.11.35327.3
MinimumVisualStudioVersion = 10.0.40219.1
Project("{FAE04EC0-301F-11D3-BF4B-00C04F79EFBC}") = "CSHBlog.Web", "CSHBlog.Web\CSHBlog.Web.csproj", "{2E4019E6-03EF-4DE0-9A85-42B58912CB12}"
EndProject
Global
	GlobalSection(SolutionConfigurationPlatforms) = preSolution
		Debug|Any CPU = Debug|Any CPU
		Release|Any CPU = Release|Any CPU
	EndGlobalSection
	GlobalSection(ProjectConfigurationPlatforms) = postSolution
		{2E4019E6-03EF-4DE0-9A85-42B58912CB12}.Debug|Any CPU.ActiveCfg = Debug|Any CPU
		{2E4019E6-03EF-4DE0-9A85-42B58912CB12}.Debug|Any CPU.Build.0 = Debug|Any CPU
		{2E4019E6-03EF-4DE0-9A85-42B58912CB12}.Release|Any CPU.ActiveCfg = Release|Any CPU
		{2E4019E6-03EF-4DE0-9A85-42B58912CB12}.Release|Any CPU.Build.0 = Release|Any CPU
	EndGlobalSection
	GlobalSection(SolutionProperties) = preSolution
		HideSolutionNode = FALSE
	EndGlobalSection
	GlobalSection(ExtensibilityGlobals) = postSolution
		SolutionGuid = {06E3D061-B5D6-48A7-B563-18CB95F3B78B}
	EndGlobalSection
EndGlobal
